
Microsoft Visual Studio Solution File, Format Version 12.00
# Visual Studio Version 17
VisualStudioVersion = 17.3.32804.467
MinimumVisualStudioVersion = 10.0.40219.1
Project("{FAE04EC0-301F-11D3-BF4B-00C04F79EFBC}") = "dicegame", "dicegame\dicegame.csproj", "{A23D5CFD-1DD5-4E2B-BA49-CB5E361EE323}"
EndProject
Global
	GlobalSection(SolutionConfigurationPlatforms) = preSolution
		Debug|Any CPU = Debug|Any CPU
		Release|Any CPU = Release|Any CPU
	EndGlobalSection
	GlobalSection(ProjectConfigurationPlatforms) = postSolution
		{A23D5CFD-1DD5-4E2B-BA49-CB5E361EE323}.Debug|Any CPU.ActiveCfg = Debug|Any CPU
		{A23D5CFD-1DD5-4E2B-BA49-CB5E361EE323}.Debug|Any CPU.Build.0 = Debug|Any CPU
		{A23D5CFD-1DD5-4E2B-BA49-CB5E361EE323}.Release|Any CPU.ActiveCfg = Release|Any CPU
		{A23D5CFD-1DD5-4E2B-BA49-CB5E361EE323}.Release|Any CPU.Build.0 = Release|Any CPU
	EndGlobalSection
	GlobalSection(SolutionProperties) = preSolution
		HideSolutionNode = FALSE
	EndGlobalSection
	GlobalSection(ExtensibilityGlobals) = postSolution
		SolutionGuid = {39E19B6C-FAD9-4A3A-9AEF-EA3B1DCE047E}
	EndGlobalSection
EndGlobal
